{
  "version": 4,
  "terraform_version": "1.3.4",
  "serial": 16,
  "lineage": "b0ec34b1-4b0d-ef4e-1317-26438491f00a",
  "outputs": {},
  "resources": [
    {
      "mode": "managed",
      "type": "docker_image",
      "name": "miapache",
      "provider": "provider[\"registry.terraform.io/kreuzwerker/docker\"]",
      "instances": [
        {
          "schema_version": 0,
          "attributes": {
            "build": [],
            "force_remove": null,
            "id": "sha256:8653efc8c72daee8c359a37a1dded6270ecd1aede2066cbecd5be7f21c916770httpd:latest",
            "image_id": "sha256:8653efc8c72daee8c359a37a1dded6270ecd1aede2066cbecd5be7f21c916770",
            "keep_locally": null,
            "latest": "sha256:8653efc8c72daee8c359a37a1dded6270ecd1aede2066cbecd5be7f21c916770",
            "name": "httpd:latest",
            "output": null,
            "pull_trigger": null,
            "pull_triggers": null,
            "repo_digest": "httpd@sha256:f2e89def4c032b02c83e162c1819ccfcbd4ea6bdbc5ff784bbc68cba940a9046",
            "triggers": null
          },
          "sensitive_attributes": [],
          "private": "bnVsbA=="
        }
      ]
    }
  ],
  "check_results": null
}
